# THIS IS AN AUTOGENERATED FILE. DO NOT EDIT THIS FILE DIRECTLY.
# yarn lockfile v1


memoize-weak-promise@^1.1.0:
  version "1.1.0"
  resolved "https://registry.yarnpkg.com/memoize-weak-promise/-/memoize-weak-promise-1.1.0.tgz#ca3a64a52ace731df138eaafd5843fa4e890de96"
  integrity sha512-vzDu9keRolKhEslWGHNr8uODb5wnBUDkQsZOgEirb3mO/93tCnNTP1ZlAUf10KC0xfMlJWkJva752ei5p/qDEg==
